// !$*UTF8*$!
{
	archiveVersion = 1;
	classes = {
	};
	objectVersion = 50;
	objects = {

/* Begin PBXBuildFile section */
		43A67A20192562234E45F2A7 /* Pods_TinderClone.framework in Frameworks */ = {isa = PBXBuildFile; fileRef = 70EC8C458E47308B8B5FF7A5 /* Pods_TinderClone.framework */; };
		E58D4357229CEF7600193F86 /* AppDelegate.swift in Sources */ = {isa = PBXBuildFile; fileRef = E58D4356229CEF7600193F86 /* AppDelegate.swift */; };
		E58D4359229CEF7600193F86 /* HomeController.swift in Sources */ = {isa = PBXBuildFile; fileRef = E58D4358229CEF7600193F86 /* HomeController.swift */; };
		E58D435C229CEF7600193F86 /* Main.storyboard in Resources */ = {isa = PBXBuildFile; fileRef = E58D435A229CEF7600193F86 /* Main.storyboard */; };
		E58D435E229CEF7700193F86 /* Assets.xcassets in Resources */ = {isa = PBXBuildFile; fileRef = E58D435D229CEF7700193F86 /* Assets.xcassets */; };
		E58D4361229CEF7700193F86 /* LaunchScreen.storyboard in Resources */ = {isa = PBXBuildFile; fileRef = E58D435F229CEF7700193F86 /* LaunchScreen.storyboard */; };
		E58D436A229CFBE100193F86 /* Extensions+UIView.swift in Sources */ = {isa = PBXBuildFile; fileRef = E58D4369229CFBE100193F86 /* Extensions+UIView.swift */; };
		E58D436D229D004100193F86 /* HomeBottomControlsStackView.swift in Sources */ = {isa = PBXBuildFile; fileRef = E58D436C229D004100193F86 /* HomeBottomControlsStackView.swift */; };
		E58D437F229D03AF00193F86 /* TopNavigationStackView.swift in Sources */ = {isa = PBXBuildFile; fileRef = E58D437E229D03AF00193F86 /* TopNavigationStackView.swift */; };
		E58D4381229D065100193F86 /* CardView.swift in Sources */ = {isa = PBXBuildFile; fileRef = E58D4380229D065100193F86 /* CardView.swift */; };
		E58D4384229D0DF600193F86 /* User.swift in Sources */ = {isa = PBXBuildFile; fileRef = E58D4383229D0DF600193F86 /* User.swift */; };
		E58D4389229D141700193F86 /* CardViewModel.swift in Sources */ = {isa = PBXBuildFile; fileRef = E58D4388229D141700193F86 /* CardViewModel.swift */; };
		E58D438B229D33E800193F86 /* RegistrationControllerViewController.swift in Sources */ = {isa = PBXBuildFile; fileRef = E58D438A229D33E800193F86 /* RegistrationControllerViewController.swift */; };
		E58D438D229D3DFB00193F86 /* CustomTextField.swift in Sources */ = {isa = PBXBuildFile; fileRef = E58D438C229D3DFB00193F86 /* CustomTextField.swift */; };
		E58D4394229D87F000193F86 /* RegistrationViewModel.swift in Sources */ = {isa = PBXBuildFile; fileRef = E58D4393229D87F000193F86 /* RegistrationViewModel.swift */; };
/* End PBXBuildFile section */

/* Begin PBXFileReference section */
		00953DDBD1694EDCDF91F00C /* Pods-TinderClone.debug.xcconfig */ = {isa = PBXFileReference; includeInIndex = 1; lastKnownFileType = text.xcconfig; name = "Pods-TinderClone.debug.xcconfig"; path = "Target Support Files/Pods-TinderClone/Pods-TinderClone.debug.xcconfig"; sourceTree = "<group>"; };
		70EC8C458E47308B8B5FF7A5 /* Pods_TinderClone.framework */ = {isa = PBXFileReference; explicitFileType = wrapper.framework; includeInIndex = 0; path = Pods_TinderClone.framework; sourceTree = BUILT_PRODUCTS_DIR; };
		D077BE7596C4DBC56112B947 /* Pods-TinderClone.release.xcconfig */ = {isa = PBXFileReference; includeInIndex = 1; lastKnownFileType = text.xcconfig; name = "Pods-TinderClone.release.xcconfig"; path = "Target Support Files/Pods-TinderClone/Pods-TinderClone.release.xcconfig"; sourceTree = "<group>"; };
		E58D4353229CEF7600193F86 /* TinderClone.app */ = {isa = PBXFileReference; explicitFileType = wrapper.application; includeInIndex = 0; path = TinderClone.app; sourceTree = BUILT_PRODUCTS_DIR; };
		E58D4356229CEF7600193F86 /* AppDelegate.swift */ = {isa = PBXFileReference; lastKnownFileType = sourcecode.swift; path = AppDelegate.swift; sourceTree = "<group>"; };
		E58D4358229CEF7600193F86 /* HomeController.swift */ = {isa = PBXFileReference; lastKnownFileType = sourcecode.swift; path = HomeController.swift; sourceTree = "<group>"; };
		E58D435B229CEF7600193F86 /* Base */ = {isa = PBXFileReference; lastKnownFileType = file.storyboard; name = Base; path = Base.lproj/Main.storyboard; sourceTree = "<group>"; };
		E58D435D229CEF7700193F86 /* Assets.xcassets */ = {isa = PBXFileReference; lastKnownFileType = folder.assetcatalog; path = Assets.xcassets; sourceTree = "<group>"; };
		E58D4360229CEF7700193F86 /* Base */ = {isa = PBXFileReference; lastKnownFileType = file.storyboard; name = Base; path = Base.lproj/LaunchScreen.storyboard; sourceTree = "<group>"; };
		E58D4362229CEF7700193F86 /* Info.plist */ = {isa = PBXFileReference; lastKnownFileType = text.plist.xml; path = Info.plist; sourceTree = "<group>"; };
		E58D4369229CFBE100193F86 /* Extensions+UIView.swift */ = {isa = PBXFileReference; fileEncoding = 4; lastKnownFileType = sourcecode.swift; path = "Extensions+UIView.swift"; sourceTree = "<group>"; };
		E58D436C229D004100193F86 /* HomeBottomControlsStackView.swift */ = {isa = PBXFileReference; lastKnownFileType = sourcecode.swift; path = HomeBottomControlsStackView.swift; sourceTree = "<group>"; };
		E58D437E229D03AF00193F86 /* TopNavigationStackView.swift */ = {isa = PBXFileReference; fileEncoding = 4; lastKnownFileType = sourcecode.swift; path = TopNavigationStackView.swift; sourceTree = "<group>"; };
		E58D4380229D065100193F86 /* CardView.swift */ = {isa = PBXFileReference; lastKnownFileType = sourcecode.swift; path = CardView.swift; sourceTree = "<group>"; };
		E58D4383229D0DF600193F86 /* User.swift */ = {isa = PBXFileReference; lastKnownFileType = sourcecode.swift; path = User.swift; sourceTree = "<group>"; };
		E58D4388229D141700193F86 /* CardViewModel.swift */ = {isa = PBXFileReference; lastKnownFileType = sourcecode.swift; path = CardViewModel.swift; sourceTree = "<group>"; };
		E58D438A229D33E800193F86 /* RegistrationControllerViewController.swift */ = {isa = PBXFileReference; lastKnownFileType = sourcecode.swift; path = RegistrationControllerViewController.swift; sourceTree = "<group>"; };
		E58D438C229D3DFB00193F86 /* CustomTextField.swift */ = {isa = PBXFileReference; lastKnownFileType = sourcecode.swift; path = CustomTextField.swift; sourceTree = "<group>"; };
		E58D4393229D87F000193F86 /* RegistrationViewModel.swift */ = {isa = PBXFileReference; lastKnownFileType = sourcecode.swift; path = RegistrationViewModel.swift; sourceTree = "<group>"; };
/* End PBXFileReference section */

/* Begin PBXFrameworksBuildPhase section */
		E58D4350229CEF7600193F86 /* Frameworks */ = {
			isa = PBXFrameworksBuildPhase;
			buildActionMask = 2147483647;
			files = (
				43A67A20192562234E45F2A7 /* Pods_TinderClone.framework in Frameworks */,
			);
			runOnlyForDeploymentPostprocessing = 0;
		};
/* End PBXFrameworksBuildPhase section */

/* Begin PBXGroup section */
		7D2C0010731F820A94284AED /* Frameworks */ = {
			isa = PBXGroup;
			children = (
				70EC8C458E47308B8B5FF7A5 /* Pods_TinderClone.framework */,
			);
			name = Frameworks;
			sourceTree = "<group>";
		};
		E58D434A229CEF7600193F86 = {
			isa = PBXGroup;
			children = (
				E58D4355229CEF7600193F86 /* TinderClone */,
				E58D4354229CEF7600193F86 /* Products */,
				FDAD1BF35F44A4579A11510B /* Pods */,
				7D2C0010731F820A94284AED /* Frameworks */,
			);
			sourceTree = "<group>";
		};
		E58D4354229CEF7600193F86 /* Products */ = {
			isa = PBXGroup;
			children = (
				E58D4353229CEF7600193F86 /* TinderClone.app */,
			);
			name = Products;
			sourceTree = "<group>";
		};
		E58D4355229CEF7600193F86 /* TinderClone */ = {
			isa = PBXGroup;
			children = (
				E58D4387229D140300193F86 /* ViewModels */,
				E58D4385229D136600193F86 /* Controllers */,
				E58D4382229D0D4A00193F86 /* Model */,
				E58D436B229CFFF100193F86 /* Views */,
				E58D4368229CF0EC00193F86 /* Extensions */,
				E58D4356229CEF7600193F86 /* AppDelegate.swift */,
				E58D435A229CEF7600193F86 /* Main.storyboard */,
				E58D435D229CEF7700193F86 /* Assets.xcassets */,
				E58D435F229CEF7700193F86 /* LaunchScreen.storyboard */,
				E58D4362229CEF7700193F86 /* Info.plist */,
			);
			path = TinderClone;
			sourceTree = "<group>";
		};
		E58D4368229CF0EC00193F86 /* Extensions */ = {
			isa = PBXGroup;
			children = (
				E58D4369229CFBE100193F86 /* Extensions+UIView.swift */,
			);
			path = Extensions;
			sourceTree = "<group>";
		};
		E58D436B229CFFF100193F86 /* Views */ = {
			isa = PBXGroup;
			children = (
				E58D437E229D03AF00193F86 /* TopNavigationStackView.swift */,
				E58D436C229D004100193F86 /* HomeBottomControlsStackView.swift */,
				E58D4380229D065100193F86 /* CardView.swift */,
				E58D438C229D3DFB00193F86 /* CustomTextField.swift */,
			);
			path = Views;
			sourceTree = "<group>";
		};
		E58D4382229D0D4A00193F86 /* Model */ = {
			isa = PBXGroup;
			children = (
				E58D4383229D0DF600193F86 /* User.swift */,
			);
			path = Model;
			sourceTree = "<group>";
		};
		E58D4385229D136600193F86 /* Controllers */ = {
			isa = PBXGroup;
			children = (
				E58D4358229CEF7600193F86 /* HomeController.swift */,
				E58D438A229D33E800193F86 /* RegistrationControllerViewController.swift */,
			);
			path = Controllers;
			sourceTree = "<group>";
		};
		E58D4387229D140300193F86 /* ViewModels */ = {
			isa = PBXGroup;
			children = (
				E58D4388229D141700193F86 /* CardViewModel.swift */,
				E58D4393229D87F000193F86 /* RegistrationViewModel.swift */,
			);
			path = ViewModels;
			sourceTree = "<group>";
		};
		FDAD1BF35F44A4579A11510B /* Pods */ = {
			isa = PBXGroup;
			children = (
				00953DDBD1694EDCDF91F00C /* Pods-TinderClone.debug.xcconfig */,
				D077BE7596C4DBC56112B947 /* Pods-TinderClone.release.xcconfig */,
			);
			name = Pods;
			path = Pods;
			sourceTree = "<group>";
		};
/* End PBXGroup section */

/* Begin PBXNativeTarget section */
		E58D4352229CEF7600193F86 /* TinderClone */ = {
			isa = PBXNativeTarget;
			buildConfigurationList = E58D4365229CEF7700193F86 /* Build configuration list for PBXNativeTarget "TinderClone" */;
			buildPhases = (
				F938763D12DFD2F76BB17C92 /* [CP] Check Pods Manifest.lock */,
				E58D434F229CEF7600193F86 /* Sources */,
				E58D4350229CEF7600193F86 /* Frameworks */,
				E58D4351229CEF7600193F86 /* Resources */,
				2519C4D6B632C600FC3FA167 /* [CP] Embed Pods Frameworks */,
			);
			buildRules = (
			);
			dependencies = (
			);
			name = TinderClone;
			productName = TinderClone;
			productReference = E58D4353229CEF7600193F86 /* TinderClone.app */;
			productType = "com.apple.product-type.application";
		};
/* End PBXNativeTarget section */

/* Begin PBXProject section */
		E58D434B229CEF7600193F86 /* Project object */ = {
			isa = PBXProject;
			attributes = {
				LastSwiftUpdateCheck = 1020;
				LastUpgradeCheck = 1020;
				ORGANIZATIONNAME = "Pulkit Aggarwal";
				TargetAttributes = {
					E58D4352229CEF7600193F86 = {
						CreatedOnToolsVersion = 10.2.1;
					};
				};
			};
			buildConfigurationList = E58D434E229CEF7600193F86 /* Build configuration list for PBXProject "TinderClone" */;
			compatibilityVersion = "Xcode 9.3";
			developmentRegion = en;
			hasScannedForEncodings = 0;
			knownRegions = (
				en,
				Base,
			);
			mainGroup = E58D434A229CEF7600193F86;
			productRefGroup = E58D4354229CEF7600193F86 /* Products */;
			projectDirPath = "";
			projectRoot = "";
			targets = (
				E58D4352229CEF7600193F86 /* TinderClone */,
			);
		};
/* End PBXProject section */

/* Begin PBXResourcesBuildPhase section */
		E58D4351229CEF7600193F86 /* Resources */ = {
			isa = PBXResourcesBuildPhase;
			buildActionMask = 2147483647;
			files = (
				E58D4361229CEF7700193F86 /* LaunchScreen.storyboard in Resources */,
				E58D435E229CEF7700193F86 /* Assets.xcassets in Resources */,
				E58D435C229CEF7600193F86 /* Main.storyboard in Resources */,
			);
			runOnlyForDeploymentPostprocessing = 0;
		};
/* End PBXResourcesBuildPhase section */

/* Begin PBXShellScriptBuildPhase section */
		2519C4D6B632C600FC3FA167 /* [CP] Embed Pods Frameworks */ = {
			isa = PBXShellScriptBuildPhase;
			buildActionMask = 2147483647;
			files = (
			);
			inputFileListPaths = (
				"${PODS_ROOT}/Target Support Files/Pods-TinderClone/Pods-TinderClone-frameworks-${CONFIGURATION}-input-files.xcfilelist",
			);
			name = "[CP] Embed Pods Frameworks";
			outputFileListPaths = (
				"${PODS_ROOT}/Target Support Files/Pods-TinderClone/Pods-TinderClone-frameworks-${CONFIGURATION}-output-files.xcfilelist",
			);
			runOnlyForDeploymentPostprocessing = 0;
			shellPath = /bin/sh;
			shellScript = "\"${PODS_ROOT}/Target Support Files/Pods-TinderClone/Pods-TinderClone-frameworks.sh\"\n";
			showEnvVarsInLog = 0;
		};
		F938763D12DFD2F76BB17C92 /* [CP] Check Pods Manifest.lock */ = {
			isa = PBXShellScriptBuildPhase;
			buildActionMask = 2147483647;
			files = (
			);
			inputFileListPaths = (
			);
			inputPaths = (
				"${PODS_PODFILE_DIR_PATH}/Podfile.lock",
				"${PODS_ROOT}/Manifest.lock",
			);
			name = "[CP] Check Pods Manifest.lock";
			outputFileListPaths = (
			);
			outputPaths = (
				"$(DERIVED_FILE_DIR)/Pods-TinderClone-checkManifestLockResult.txt",
			);
			runOnlyForDeploymentPostprocessing = 0;
			shellPath = /bin/sh;
			shellScript = "diff \"${PODS_PODFILE_DIR_PATH}/Podfile.lock\" \"${PODS_ROOT}/Manifest.lock\" > /dev/null\nif [ $? != 0 ] ; then\n    # print error to STDERR\n    echo \"error: The sandbox is not in sync with the Podfile.lock. Run 'pod install' or update your CocoaPods installation.\" >&2\n    exit 1\nfi\n# This output is used by Xcode 'outputs' to avoid re-running this script phase.\necho \"SUCCESS\" > \"${SCRIPT_OUTPUT_FILE_0}\"\n";
			showEnvVarsInLog = 0;
		};
/* End PBXShellScriptBuildPhase section */

/* Begin PBXSourcesBuildPhase section */
		E58D434F229CEF7600193F86 /* Sources */ = {
			isa = PBXSourcesBuildPhase;
			buildActionMask = 2147483647;
			files = (
				E58D4359229CEF7600193F86 /* HomeController.swift in Sources */,
				E58D4394229D87F000193F86 /* RegistrationViewModel.swift in Sources */,
				E58D436D229D004100193F86 /* HomeBottomControlsStackView.swift in Sources */,
				E58D4357229CEF7600193F86 /* AppDelegate.swift in Sources */,
				E58D436A229CFBE100193F86 /* Extensions+UIView.swift in Sources */,
				E58D438D229D3DFB00193F86 /* CustomTextField.swift in Sources */,
				E58D4389229D141700193F86 /* CardViewModel.swift in Sources */,
				E58D4381229D065100193F86 /* CardView.swift in Sources */,
				E58D437F229D03AF00193F86 /* TopNavigationStackView.swift in Sources */,
				E58D438B229D33E800193F86 /* RegistrationControllerViewController.swift in Sources */,
				E58D4384229D0DF600193F86 /* User.swift in Sources */,
			);
			runOnlyForDeploymentPostprocessing = 0;
		};
/* End PBXSourcesBuildPhase section */

/* Begin PBXVariantGroup section */
		E58D435A229CEF7600193F86 /* Main.storyboard */ = {
			isa = PBXVariantGroup;
			children = (
				E58D435B229CEF7600193F86 /* Base */,
			);
			name = Main.storyboard;
			sourceTree = "<group>";
		};
		E58D435F229CEF7700193F86 /* LaunchScreen.storyboard */ = {
			isa = PBXVariantGroup;
			children = (
				E58D4360229CEF7700193F86 /* Base */,
			);
			name = LaunchScreen.storyboard;
			sourceTree = "<group>";
		};
/* End PBXVariantGroup section */

/* Begin XCBuildConfiguration section */
		E58D4363229CEF7700193F86 /* Debug */ = {
			isa = XCBuildConfiguration;
			buildSettings = {
				ALWAYS_SEARCH_USER_PATHS = NO;
				CLANG_ANALYZER_NONNULL = YES;
				CLANG_ANALYZER_NUMBER_OBJECT_CONVERSION = YES_AGGRESSIVE;
				CLANG_CXX_LANGUAGE_STANDARD = "gnu++14";
				CLANG_CXX_LIBRARY = "libc++";
				CLANG_ENABLE_MODULES = YES;
				CLANG_ENABLE_OBJC_ARC = YES;
				CLANG_ENABLE_OBJC_WEAK = YES;
				CLANG_WARN_BLOCK_CAPTURE_AUTORELEASING = YES;
				CLANG_WARN_BOOL_CONVERSION = YES;
				CLANG_WARN_COMMA = YES;
				CLANG_WARN_CONSTANT_CONVERSION = YES;
				CLANG_WARN_DEPRECATED_OBJC_IMPLEMENTATIONS = YES;
				CLANG_WARN_DIRECT_OBJC_ISA_USAGE = YES_ERROR;
				CLANG_WARN_DOCUMENTATION_COMMENTS = YES;
				CLANG_WARN_EMPTY_BODY = YES;
				CLANG_WARN_ENUM_CONVERSION = YES;
				CLANG_WARN_INFINITE_RECURSION = YES;
				CLANG_WARN_INT_CONVERSION = YES;
				CLANG_WARN_NON_LITERAL_NULL_CONVERSION = YES;
				CLANG_WARN_OBJC_IMPLICIT_RETAIN_SELF = YES;
				CLANG_WARN_OBJC_LITERAL_CONVERSION = YES;
				CLANG_WARN_OBJC_ROOT_CLASS = YES_ERROR;
				CLANG_WARN_RANGE_LOOP_ANALYSIS = YES;
				CLANG_WARN_STRICT_PROTOTYPES = YES;
				CLANG_WARN_SUSPICIOUS_MOVE = YES;
				CLANG_WARN_UNGUARDED_AVAILABILITY = YES_AGGRESSIVE;
				CLANG_WARN_UNREACHABLE_CODE = YES;
				CLANG_WARN__DUPLICATE_METHOD_MATCH = YES;
				CODE_SIGN_IDENTITY = "iPhone Developer";
				COPY_PHASE_STRIP = NO;
				DEBUG_INFORMATION_FORMAT = dwarf;
				ENABLE_STRICT_OBJC_MSGSEND = YES;
				ENABLE_TESTABILITY = YES;
				GCC_C_LANGUAGE_STANDARD = gnu11;
				GCC_DYNAMIC_NO_PIC = NO;
				GCC_NO_COMMON_BLOCKS = YES;
				GCC_OPTIMIZATION_LEVEL = 0;
				GCC_PREPROCESSOR_DEFINITIONS = (
					"DEBUG=1",
					"$(inherited)",
				);
				GCC_WARN_64_TO_32_BIT_CONVERSION = YES;
				GCC_WARN_ABOUT_RETURN_TYPE = YES_ERROR;
				GCC_WARN_UNDECLARED_SELECTOR = YES;
				GCC_WARN_UNINITIALIZED_AUTOS = YES_AGGRESSIVE;
				GCC_WARN_UNUSED_FUNCTION = YES;
				GCC_WARN_UNUSED_VARIABLE = YES;
				IPHONEOS_DEPLOYMENT_TARGET = 12.2;
				MTL_ENABLE_DEBUG_INFO = INCLUDE_SOURCE;
				MTL_FAST_MATH = YES;
				ONLY_ACTIVE_ARCH = YES;
				SDKROOT = iphoneos;
				SWIFT_ACTIVE_COMPILATION_CONDITIONS = DEBUG;
				SWIFT_OPTIMIZATION_LEVEL = "-Onone";
			};
			name = Debug;
		};
		E58D4364229CEF7700193F86 /* Release */ = {
			isa = XCBuildConfiguration;
			buildSettings = {
				ALWAYS_SEARCH_USER_PATHS = NO;
				CLANG_ANALYZER_NONNULL = YES;
				CLANG_ANALYZER_NUMBER_OBJECT_CONVERSION = YES_AGGRESSIVE;
				CLANG_CXX_LANGUAGE_STANDARD = "gnu++14";
				CLANG_CXX_LIBRARY = "libc++";
				CLANG_ENABLE_MODULES = YES;
				CLANG_ENABLE_OBJC_ARC = YES;
				CLANG_ENABLE_OBJC_WEAK = YES;
				CLANG_WARN_BLOCK_CAPTURE_AUTORELEASING = YES;
				CLANG_WARN_BOOL_CONVERSION = YES;
				CLANG_WARN_COMMA = YES;
				CLANG_WARN_CONSTANT_CONVERSION = YES;
				CLANG_WARN_DEPRECATED_OBJC_IMPLEMENTATIONS = YES;
				CLANG_WARN_DIRECT_OBJC_ISA_USAGE = YES_ERROR;
				CLANG_WARN_DOCUMENTATION_COMMENTS = YES;
				CLANG_WARN_EMPTY_BODY = YES;
				CLANG_WARN_ENUM_CONVERSION = YES;
				CLANG_WARN_INFINITE_RECURSION = YES;
				CLANG_WARN_INT_CONVERSION = YES;
				CLANG_WARN_NON_LITERAL_NULL_CONVERSION = YES;
				CLANG_WARN_OBJC_IMPLICIT_RETAIN_SELF = YES;
				CLANG_WARN_OBJC_LITERAL_CONVERSION = YES;
				CLANG_WARN_OBJC_ROOT_CLASS = YES_ERROR;
				CLANG_WARN_RANGE_LOOP_ANALYSIS = YES;
				CLANG_WARN_STRICT_PROTOTYPES = YES;
				CLANG_WARN_SUSPICIOUS_MOVE = YES;
				CLANG_WARN_UNGUARDED_AVAILABILITY = YES_AGGRESSIVE;
				CLANG_WARN_UNREACHABLE_CODE = YES;
				CLANG_WARN__DUPLICATE_METHOD_MATCH = YES;
				CODE_SIGN_IDENTITY = "iPhone Developer";
				COPY_PHASE_STRIP = NO;
				DEBUG_INFORMATION_FORMAT = "dwarf-with-dsym";
				ENABLE_NS_ASSERTIONS = NO;
				ENABLE_STRICT_OBJC_MSGSEND = YES;
				GCC_C_LANGUAGE_STANDARD = gnu11;
				GCC_NO_COMMON_BLOCKS = YES;
				GCC_WARN_64_TO_32_BIT_CONVERSION = YES;
				GCC_WARN_ABOUT_RETURN_TYPE = YES_ERROR;
				GCC_WARN_UNDECLARED_SELECTOR = YES;
				GCC_WARN_UNINITIALIZED_AUTOS = YES_AGGRESSIVE;
				GCC_WARN_UNUSED_FUNCTION = YES;
				GCC_WARN_UNUSED_VARIABLE = YES;
				IPHONEOS_DEPLOYMENT_TARGET = 12.2;
				MTL_ENABLE_DEBUG_INFO = NO;
				MTL_FAST_MATH = YES;
				SDKROOT = iphoneos;
				SWIFT_COMPILATION_MODE = wholemodule;
				SWIFT_OPTIMIZATION_LEVEL = "-O";
				VALIDATE_PRODUCT = YES;
			};
			name = Release;
		};
		E58D4366229CEF7700193F86 /* Debug */ = {
			isa = XCBuildConfiguration;
			baseConfigurationReference = 00953DDBD1694EDCDF91F00C /* Pods-TinderClone.debug.xcconfig */;
			buildSettings = {
				ASSETCATALOG_COMPILER_APPICON_NAME = AppIcon;
				CODE_SIGN_STYLE = Automatic;
				DEVELOPMENT_TEAM = RK3JMA88P6;
				INFOPLIST_FILE = TinderClone/Info.plist;
				LD_RUNPATH_SEARCH_PATHS = (
					"$(inherited)",
					"@executable_path/Frameworks",
				);
				PRODUCT_BUNDLE_IDENTIFIER = com.maxx.TinderClone;
				PRODUCT_NAME = "$(TARGET_NAME)";
				SWIFT_VERSION = 5.0;
				TARGETED_DEVICE_FAMILY = "1,2";
			};
			name = Debug;
		};
		E58D4367229CEF7700193F86 /* Release */ = {
			isa = XCBuildConfiguration;
			baseConfigurationReference = D077BE7596C4DBC56112B947 /* Pods-TinderClone.release.xcconfig */;
			buildSettings = {
				ASSETCATALOG_COMPILER_APPICON_NAME = AppIcon;
				CODE_SIGN_STYLE = Automatic;
				DEVELOPMENT_TEAM = RK3JMA88P6;
				INFOPLIST_FILE = TinderClone/Info.plist;
				LD_RUNPATH_SEARCH_PATHS = (
					"$(inherited)",
					"@executable_path/Frameworks",
				);
				PRODUCT_BUNDLE_IDENTIFIER = com.maxx.TinderClone;
				PRODUCT_NAME = "$(TARGET_NAME)";
				SWIFT_VERSION = 5.0;
				TARGETED_DEVICE_FAMILY = "1,2";
			};
			name = Release;
		};
/* End XCBuildConfiguration section */

/* Begin XCConfigurationList section */
		E58D434E229CEF7600193F86 /* Build configuration list for PBXProject "TinderClone" */ = {
			isa = XCConfigurationList;
			buildConfigurations = (
				E58D4363229CEF7700193F86 /* Debug */,
				E58D4364229CEF7700193F86 /* Release */,
			);
			defaultConfigurationIsVisible = 0;
			defaultConfigurationName = Release;
		};
		E58D4365229CEF7700193F86 /* Build configuration list for PBXNativeTarget "TinderClone" */ = {
			isa = XCConfigurationList;
			buildConfigurations = (
				E58D4366229CEF7700193F86 /* Debug */,
				E58D4367229CEF7700193F86 /* Release */,
			);
			defaultConfigurationIsVisible = 0;
			defaultConfigurationName = Release;
		};
/* End XCConfigurationList section */
	};
	rootObject = E58D434B229CEF7600193F86 /* Project object */;
}
